
Microsoft Visual Studio Solution File, Format Version 12.00
# Visual Studio Version 16
VisualStudioVersion = 16.0.30320.27
MinimumVisualStudioVersion = 10.0.40219.1
Project("{FAE04EC0-301F-11D3-BF4B-00C04F79EFBC}") = "GSTBillGenerator", "GSTBillGenerator\GSTBillGenerator\GSTBillGenerator.csproj", "{0C2EFFC2-7B87-498F-A9A6-C8A75D2F5D4A}"
EndProject
Project("{FAE04EC0-301F-11D3-BF4B-00C04F79EFBC}") = "GSTBillGenerator.Android", "GSTBillGenerator\GSTBillGenerator.Android\GSTBillGenerator.Android.csproj", "{9808E8C1-7CF0-4E7E-9FB4-F6FD4228DC37}"
EndProject
Project("{FAE04EC0-301F-11D3-BF4B-00C04F79EFBC}") = "GSTBillGenerator.iOS", "GSTBillGenerator\GSTBillGenerator.iOS\GSTBillGenerator.iOS.csproj", "{9C8B744F-5172-4328-A99B-514EAB1109B0}"
EndProject
Project("{FAE04EC0-301F-11D3-BF4B-00C04F79EFBC}") = "GSTBillGenerator.UWP", "GSTBillGenerator\GSTBillGenerator.UWP\GSTBillGenerator.UWP.csproj", "{5DDEBE35-74D3-443A-A242-FD22AF9262B6}"
EndProject
Global
	GlobalSection(SolutionConfigurationPlatforms) = preSolution
		Ad-Hoc|Any CPU = Ad-Hoc|Any CPU
		Ad-Hoc|ARM = Ad-Hoc|ARM
		Ad-Hoc|iPhone = Ad-Hoc|iPhone
		Ad-Hoc|iPhoneSimulator = Ad-Hoc|iPhoneSimulator
		Ad-Hoc|x64 = Ad-Hoc|x64
		Ad-Hoc|x86 = Ad-Hoc|x86
		AppStore|Any CPU = AppStore|Any CPU
		AppStore|ARM = AppStore|ARM
		AppStore|iPhone = AppStore|iPhone
		AppStore|iPhoneSimulator = AppStore|iPhoneSimulator
		AppStore|x64 = AppStore|x64
		AppStore|x86 = AppStore|x86
		Debug|Any CPU = Debug|Any CPU
		Debug|ARM = Debug|ARM
		Debug|iPhone = Debug|iPhone
		Debug|iPhoneSimulator = Debug|iPhoneSimulator
		Debug|x64 = Debug|x64
		Debug|x86 = Debug|x86
		Release|Any CPU = Release|Any CPU
		Release|ARM = Release|ARM
		Release|iPhone = Release|iPhone
		Release|iPhoneSimulator = Release|iPhoneSimulator
		Release|x64 = Release|x64
		Release|x86 = Release|x86
	EndGlobalSection
	GlobalSection(ProjectConfigurationPlatforms) = postSolution
		{0C2EFFC2-7B87-498F-A9A6-C8A75D2F5D4A}.Ad-Hoc|Any CPU.ActiveCfg = Debug|Any CPU
		{0C2EFFC2-7B87-498F-A9A6-C8A75D2F5D4A}.Ad-Hoc|Any CPU.Build.0 = Debug|Any CPU
		{0C2EFFC2-7B87-498F-A9A6-C8A75D2F5D4A}.Ad-Hoc|ARM.ActiveCfg = Debug|Any CPU
		{0C2EFFC2-7B87-498F-A9A6-C8A75D2F5D4A}.Ad-Hoc|ARM.Build.0 = Debug|Any CPU
		{0C2EFFC2-7B87-498F-A9A6-C8A75D2F5D4A}.Ad-Hoc|iPhone.ActiveCfg = Debug|Any CPU
		{0C2EFFC2-7B87-498F-A9A6-C8A75D2F5D4A}.Ad-Hoc|iPhone.Build.0 = Debug|Any CPU
		{0C2EFFC2-7B87-498F-A9A6-C8A75D2F5D4A}.Ad-Hoc|iPhoneSimulator.ActiveCfg = Debug|Any CPU
		{0C2EFFC2-7B87-498F-A9A6-C8A75D2F5D4A}.Ad-Hoc|iPhoneSimulator.Build.0 = Debug|Any CPU
		{0C2EFFC2-7B87-498F-A9A6-C8A75D2F5D4A}.Ad-Hoc|x64.ActiveCfg = Debug|Any CPU
		{0C2EFFC2-7B87-498F-A9A6-C8A75D2F5D4A}.Ad-Hoc|x64.Build.0 = Debug|Any CPU
		{0C2EFFC2-7B87-498F-A9A6-C8A75D2F5D4A}.Ad-Hoc|x86.ActiveCfg = Debug|Any CPU
		{0C2EFFC2-7B87-498F-A9A6-C8A75D2F5D4A}.Ad-Hoc|x86.Build.0 = Debug|Any CPU
		{0C2EFFC2-7B87-498F-A9A6-C8A75D2F5D4A}.AppStore|Any CPU.ActiveCfg = Debug|Any CPU
		{0C2EFFC2-7B87-498F-A9A6-C8A75D2F5D4A}.AppStore|Any CPU.Build.0 = Debug|Any CPU
		{0C2EFFC2-7B87-498F-A9A6-C8A75D2F5D4A}.AppStore|ARM.ActiveCfg = Debug|Any CPU
		{0C2EFFC2-7B87-498F-A9A6-C8A75D2F5D4A}.AppStore|ARM.Build.0 = Debug|Any CPU
		{0C2EFFC2-7B87-498F-A9A6-C8A75D2F5D4A}.AppStore|iPhone.ActiveCfg = Debug|Any CPU
		{0C2EFFC2-7B87-498F-A9A6-C8A75D2F5D4A}.AppStore|iPhone.Build.0 = Debug|Any CPU
		{0C2EFFC2-7B87-498F-A9A6-C8A75D2F5D4A}.AppStore|iPhoneSimulator.ActiveCfg = Debug|Any CPU
		{0C2EFFC2-7B87-498F-A9A6-C8A75D2F5D4A}.AppStore|iPhoneSimulator.Build.0 = Debug|Any CPU
		{0C2EFFC2-7B87-498F-A9A6-C8A75D2F5D4A}.AppStore|x64.ActiveCfg = Debug|Any CPU
		{0C2EFFC2-7B87-498F-A9A6-C8A75D2F5D4A}.AppStore|x64.Build.0 = Debug|Any CPU
		{0C2EFFC2-7B87-498F-A9A6-C8A75D2F5D4A}.AppStore|x86.ActiveCfg = Debug|Any CPU
		{0C2EFFC2-7B87-498F-A9A6-C8A75D2F5D4A}.AppStore|x86.Build.0 = Debug|Any CPU
		{0C2EFFC2-7B87-498F-A9A6-C8A75D2F5D4A}.Debug|Any CPU.ActiveCfg = Debug|Any CPU
		{0C2EFFC2-7B87-498F-A9A6-C8A75D2F5D4A}.Debug|Any CPU.Build.0 = Debug|Any CPU
		{0C2EFFC2-7B87-498F-A9A6-C8A75D2F5D4A}.Debug|ARM.ActiveCfg = Debug|Any CPU
		{0C2EFFC2-7B87-498F-A9A6-C8A75D2F5D4A}.Debug|ARM.Build.0 = Debug|Any CPU
		{0C2EFFC2-7B87-498F-A9A6-C8A75D2F5D4A}.Debug|iPhone.ActiveCfg = Debug|Any CPU
		{0C2EFFC2-7B87-498F-A9A6-C8A75D2F5D4A}.Debug|iPhone.Build.0 = Debug|Any CPU
		{0C2EFFC2-7B87-498F-A9A6-C8A75D2F5D4A}.Debug|iPhoneSimulator.ActiveCfg = Debug|Any CPU
		{0C2EFFC2-7B87-498F-A9A6-C8A75D2F5D4A}.Debug|iPhoneSimulator.Build.0 = Debug|Any CPU
		{0C2EFFC2-7B87-498F-A9A6-C8A75D2F5D4A}.Debug|x64.ActiveCfg = Debug|Any CPU
		{0C2EFFC2-7B87-498F-A9A6-C8A75D2F5D4A}.Debug|x64.Build.0 = Debug|Any CPU
		{0C2EFFC2-7B87-498F-A9A6-C8A75D2F5D4A}.Debug|x86.ActiveCfg = Debug|Any CPU
		{0C2EFFC2-7B87-498F-A9A6-C8A75D2F5D4A}.Debug|x86.Build.0 = Debug|Any CPU
		{0C2EFFC2-7B87-498F-A9A6-C8A75D2F5D4A}.Release|Any CPU.ActiveCfg = Release|Any CPU
		{0C2EFFC2-7B87-498F-A9A6-C8A75D2F5D4A}.Release|Any CPU.Build.0 = Release|Any CPU
		{0C2EFFC2-7B87-498F-A9A6-C8A75D2F5D4A}.Release|ARM.ActiveCfg = Release|Any CPU
		{0C2EFFC2-7B87-498F-A9A6-C8A75D2F5D4A}.Release|ARM.Build.0 = Release|Any CPU
		{0C2EFFC2-7B87-498F-A9A6-C8A75D2F5D4A}.Release|iPhone.ActiveCfg = Release|Any CPU
		{0C2EFFC2-7B87-498F-A9A6-C8A75D2F5D4A}.Release|iPhone.Build.0 = Release|Any CPU
		{0C2EFFC2-7B87-498F-A9A6-C8A75D2F5D4A}.Release|iPhoneSimulator.ActiveCfg = Release|Any CPU
		{0C2EFFC2-7B87-498F-A9A6-C8A75D2F5D4A}.Release|iPhoneSimulator.Build.0 = Release|Any CPU
		{0C2EFFC2-7B87-498F-A9A6-C8A75D2F5D4A}.Release|x64.ActiveCfg = Release|Any CPU
		{0C2EFFC2-7B87-498F-A9A6-C8A75D2F5D4A}.Release|x64.Build.0 = Release|Any CPU
		{0C2EFFC2-7B87-498F-A9A6-C8A75D2F5D4A}.Release|x86.ActiveCfg = Release|Any CPU
		{0C2EFFC2-7B87-498F-A9A6-C8A75D2F5D4A}.Release|x86.Build.0 = Release|Any CPU
		{9808E8C1-7CF0-4E7E-9FB4-F6FD4228DC37}.Ad-Hoc|Any CPU.ActiveCfg = Release|Any CPU
		{9808E8C1-7CF0-4E7E-9FB4-F6FD4228DC37}.Ad-Hoc|Any CPU.Build.0 = Release|Any CPU
		{9808E8C1-7CF0-4E7E-9FB4-F6FD4228DC37}.Ad-Hoc|Any CPU.Deploy.0 = Release|Any CPU
		{9808E8C1-7CF0-4E7E-9FB4-F6FD4228DC37}.Ad-Hoc|ARM.ActiveCfg = Release|Any CPU
		{9808E8C1-7CF0-4E7E-9FB4-F6FD4228DC37}.Ad-Hoc|ARM.Build.0 = Release|Any CPU
		{9808E8C1-7CF0-4E7E-9FB4-F6FD4228DC37}.Ad-Hoc|ARM.Deploy.0 = Release|Any CPU
		{9808E8C1-7CF0-4E7E-9FB4-F6FD4228DC37}.Ad-Hoc|iPhone.ActiveCfg = Release|Any CPU
		{9808E8C1-7CF0-4E7E-9FB4-F6FD4228DC37}.Ad-Hoc|iPhone.Build.0 = Release|Any CPU
		{9808E8C1-7CF0-4E7E-9FB4-F6FD4228DC37}.Ad-Hoc|iPhone.Deploy.0 = Release|Any CPU
		{9808E8C1-7CF0-4E7E-9FB4-F6FD4228DC37}.Ad-Hoc|iPhoneSimulator.ActiveCfg = Release|Any CPU
		{9808E8C1-7CF0-4E7E-9FB4-F6FD4228DC37}.Ad-Hoc|iPhoneSimulator.Build.0 = Release|Any CPU
		{9808E8C1-7CF0-4E7E-9FB4-F6FD4228DC37}.Ad-Hoc|iPhoneSimulator.Deploy.0 = Release|Any CPU
		{9808E8C1-7CF0-4E7E-9FB4-F6FD4228DC37}.Ad-Hoc|x64.ActiveCfg = Release|Any CPU
		{9808E8C1-7CF0-4E7E-9FB4-F6FD4228DC37}.Ad-Hoc|x64.Build.0 = Release|Any CPU
		{9808E8C1-7CF0-4E7E-9FB4-F6FD4228DC37}.Ad-Hoc|x64.Deploy.0 = Release|Any CPU
		{9808E8C1-7CF0-4E7E-9FB4-F6FD4228DC37}.Ad-Hoc|x86.ActiveCfg = Release|Any CPU
		{9808E8C1-7CF0-4E7E-9FB4-F6FD4228DC37}.Ad-Hoc|x86.Build.0 = Release|Any CPU
		{9808E8C1-7CF0-4E7E-9FB4-F6FD4228DC37}.Ad-Hoc|x86.Deploy.0 = Release|Any CPU
		{9808E8C1-7CF0-4E7E-9FB4-F6FD4228DC37}.AppStore|Any CPU.ActiveCfg = Release|Any CPU
		{9808E8C1-7CF0-4E7E-9FB4-F6FD4228DC37}.AppStore|Any CPU.Build.0 = Release|Any CPU
		{9808E8C1-7CF0-4E7E-9FB4-F6FD4228DC37}.AppStore|Any CPU.Deploy.0 = Release|Any CPU
		{9808E8C1-7CF0-4E7E-9FB4-F6FD4228DC37}.AppStore|ARM.ActiveCfg = Release|Any CPU
		{9808E8C1-7CF0-4E7E-9FB4-F6FD4228DC37}.AppStore|ARM.Build.0 = Release|Any CPU
		{9808E8C1-7CF0-4E7E-9FB4-F6FD4228DC37}.AppStore|ARM.Deploy.0 = Release|Any CPU
		{9808E8C1-7CF0-4E7E-9FB4-F6FD4228DC37}.AppStore|iPhone.ActiveCfg = Release|Any CPU
		{9808E8C1-7CF0-4E7E-9FB4-F6FD4228DC37}.AppStore|iPhone.Build.0 = Release|Any CPU
		{9808E8C1-7CF0-4E7E-9FB4-F6FD4228DC37}.AppStore|iPhone.Deploy.0 = Release|Any CPU
		{9808E8C1-7CF0-4E7E-9FB4-F6FD4228DC37}.AppStore|iPhoneSimulator.ActiveCfg = Release|Any CPU
		{9808E8C1-7CF0-4E7E-9FB4-F6FD4228DC37}.AppStore|iPhoneSimulator.Build.0 = Release|Any CPU
		{9808E8C1-7CF0-4E7E-9FB4-F6FD4228DC37}.AppStore|iPhoneSimulator.Deploy.0 = Release|Any CPU
		{9808E8C1-7CF0-4E7E-9FB4-F6FD4228DC37}.AppStore|x64.ActiveCfg = Release|Any CPU
		{9808E8C1-7CF0-4E7E-9FB4-F6FD4228DC37}.AppStore|x64.Build.0 = Release|Any CPU
		{9808E8C1-7CF0-4E7E-9FB4-F6FD4228DC37}.AppStore|x64.Deploy.0 = Release|Any CPU
		{9808E8C1-7CF0-4E7E-9FB4-F6FD4228DC37}.AppStore|x86.ActiveCfg = Release|Any CPU
		{9808E8C1-7CF0-4E7E-9FB4-F6FD4228DC37}.AppStore|x86.Build.0 = Release|Any CPU
		{9808E8C1-7CF0-4E7E-9FB4-F6FD4228DC37}.AppStore|x86.Deploy.0 = Release|Any CPU
		{9808E8C1-7CF0-4E7E-9FB4-F6FD4228DC37}.Debug|Any CPU.ActiveCfg = Debug|Any CPU
		{9808E8C1-7CF0-4E7E-9FB4-F6FD4228DC37}.Debug|Any CPU.Build.0 = Debug|Any CPU
		{9808E8C1-7CF0-4E7E-9FB4-F6FD4228DC37}.Debug|Any CPU.Deploy.0 = Debug|Any CPU
		{9808E8C1-7CF0-4E7E-9FB4-F6FD4228DC37}.Debug|ARM.ActiveCfg = Debug|Any CPU
		{9808E8C1-7CF0-4E7E-9FB4-F6FD4228DC37}.Debug|ARM.Build.0 = Debug|Any CPU
		{9808E8C1-7CF0-4E7E-9FB4-F6FD4228DC37}.Debug|ARM.Deploy.0 = Debug|Any CPU
		{9808E8C1-7CF0-4E7E-9FB4-F6FD4228DC37}.Debug|iPhone.ActiveCfg = Debug|Any CPU
		{9808E8C1-7CF0-4E7E-9FB4-F6FD4228DC37}.Debug|iPhone.Build.0 = Debug|Any CPU
		{9808E8C1-7CF0-4E7E-9FB4-F6FD4228DC37}.Debug|iPhone.Deploy.0 = Debug|Any CPU
		{9808E8C1-7CF0-4E7E-9FB4-F6FD4228DC37}.Debug|iPhoneSimulator.ActiveCfg = Debug|Any CPU
		{9808E8C1-7CF0-4E7E-9FB4-F6FD4228DC37}.Debug|iPhoneSimulator.Build.0 = Debug|Any CPU
		{9808E8C1-7CF0-4E7E-9FB4-F6FD4228DC37}.Debug|iPhoneSimulator.Deploy.0 = Debug|Any CPU
		{9808E8C1-7CF0-4E7E-9FB4-F6FD4228DC37}.Debug|x64.ActiveCfg = Debug|Any CPU
		{9808E8C1-7CF0-4E7E-9FB4-F6FD4228DC37}.Debug|x64.Build.0 = Debug|Any CPU
		{9808E8C1-7CF0-4E7E-9FB4-F6FD4228DC37}.Debug|x64.Deploy.0 = Debug|Any CPU
		{9808E8C1-7CF0-4E7E-9FB4-F6FD4228DC37}.Debug|x86.ActiveCfg = Debug|Any CPU
		{9808E8C1-7CF0-4E7E-9FB4-F6FD4228DC37}.Debug|x86.Build.0 = Debug|Any CPU
		{9808E8C1-7CF0-4E7E-9FB4-F6FD4228DC37}.Debug|x86.Deploy.0 = Debug|Any CPU
		{9808E8C1-7CF0-4E7E-9FB4-F6FD4228DC37}.Release|Any CPU.ActiveCfg = Release|Any CPU
		{9808E8C1-7CF0-4E7E-9FB4-F6FD4228DC37}.Release|Any CPU.Build.0 = Release|Any CPU
		{9808E8C1-7CF0-4E7E-9FB4-F6FD4228DC37}.Release|Any CPU.Deploy.0 = Release|Any CPU
		{9808E8C1-7CF0-4E7E-9FB4-F6FD4228DC37}.Release|ARM.ActiveCfg = Release|Any CPU
		{9808E8C1-7CF0-4E7E-9FB4-F6FD4228DC37}.Release|ARM.Build.0 = Release|Any CPU
		{9808E8C1-7CF0-4E7E-9FB4-F6FD4228DC37}.Release|ARM.Deploy.0 = Release|Any CPU
		{9808E8C1-7CF0-4E7E-9FB4-F6FD4228DC37}.Release|iPhone.ActiveCfg = Release|Any CPU
		{9808E8C1-7CF0-4E7E-9FB4-F6FD4228DC37}.Release|iPhone.Build.0 = Release|Any CPU
		{9808E8C1-7CF0-4E7E-9FB4-F6FD4228DC37}.Release|iPhone.Deploy.0 = Release|Any CPU
		{9808E8C1-7CF0-4E7E-9FB4-F6FD4228DC37}.Release|iPhoneSimulator.ActiveCfg = Release|Any CPU
		{9808E8C1-7CF0-4E7E-9FB4-F6FD4228DC37}.Release|iPhoneSimulator.Build.0 = Release|Any CPU
		{9808E8C1-7CF0-4E7E-9FB4-F6FD4228DC37}.Release|iPhoneSimulator.Deploy.0 = Release|Any CPU
		{9808E8C1-7CF0-4E7E-9FB4-F6FD4228DC37}.Release|x64.ActiveCfg = Release|Any CPU
		{9808E8C1-7CF0-4E7E-9FB4-F6FD4228DC37}.Release|x64.Build.0 = Release|Any CPU
		{9808E8C1-7CF0-4E7E-9FB4-F6FD4228DC37}.Release|x64.Deploy.0 = Release|Any CPU
		{9808E8C1-7CF0-4E7E-9FB4-F6FD4228DC37}.Release|x86.ActiveCfg = Release|Any CPU
		{9808E8C1-7CF0-4E7E-9FB4-F6FD4228DC37}.Release|x86.Build.0 = Release|Any CPU
		{9808E8C1-7CF0-4E7E-9FB4-F6FD4228DC37}.Release|x86.Deploy.0 = Release|Any CPU
		{9C8B744F-5172-4328-A99B-514EAB1109B0}.Ad-Hoc|Any CPU.ActiveCfg = Ad-Hoc|iPhone
		{9C8B744F-5172-4328-A99B-514EAB1109B0}.Ad-Hoc|ARM.ActiveCfg = Ad-Hoc|iPhone
		{9C8B744F-5172-4328-A99B-514EAB1109B0}.Ad-Hoc|iPhone.ActiveCfg = Ad-Hoc|iPhone
		{9C8B744F-5172-4328-A99B-514EAB1109B0}.Ad-Hoc|iPhone.Build.0 = Ad-Hoc|iPhone
		{9C8B744F-5172-4328-A99B-514EAB1109B0}.Ad-Hoc|iPhoneSimulator.ActiveCfg = Ad-Hoc|iPhoneSimulator
		{9C8B744F-5172-4328-A99B-514EAB1109B0}.Ad-Hoc|iPhoneSimulator.Build.0 = Ad-Hoc|iPhoneSimulator
		{9C8B744F-5172-4328-A99B-514EAB1109B0}.Ad-Hoc|x64.ActiveCfg = Ad-Hoc|iPhone
		{9C8B744F-5172-4328-A99B-514EAB1109B0}.Ad-Hoc|x86.ActiveCfg = Ad-Hoc|iPhone
		{9C8B744F-5172-4328-A99B-514EAB1109B0}.AppStore|Any CPU.ActiveCfg = AppStore|iPhone
		{9C8B744F-5172-4328-A99B-514EAB1109B0}.AppStore|ARM.ActiveCfg = AppStore|iPhone
		{9C8B744F-5172-4328-A99B-514EAB1109B0}.AppStore|iPhone.ActiveCfg = AppStore|iPhone
		{9C8B744F-5172-4328-A99B-514EAB1109B0}.AppStore|iPhone.Build.0 = AppStore|iPhone
		{9C8B744F-5172-4328-A99B-514EAB1109B0}.AppStore|iPhoneSimulator.ActiveCfg = AppStore|iPhoneSimulator
		{9C8B744F-5172-4328-A99B-514EAB1109B0}.AppStore|iPhoneSimulator.Build.0 = AppStore|iPhoneSimulator
		{9C8B744F-5172-4328-A99B-514EAB1109B0}.AppStore|x64.ActiveCfg = AppStore|iPhone
		{9C8B744F-5172-4328-A99B-514EAB1109B0}.AppStore|x86.ActiveCfg = AppStore|iPhone
		{9C8B744F-5172-4328-A99B-514EAB1109B0}.Debug|Any CPU.ActiveCfg = Debug|iPhone
		{9C8B744F-5172-4328-A99B-514EAB1109B0}.Debug|ARM.ActiveCfg = Debug|iPhone
		{9C8B744F-5172-4328-A99B-514EAB1109B0}.Debug|iPhone.ActiveCfg = Debug|iPhone
		{9C8B744F-5172-4328-A99B-514EAB1109B0}.Debug|iPhone.Build.0 = Debug|iPhone
		{9C8B744F-5172-4328-A99B-514EAB1109B0}.Debug|iPhoneSimulator.ActiveCfg = Debug|iPhoneSimulator
		{9C8B744F-5172-4328-A99B-514EAB1109B0}.Debug|iPhoneSimulator.Build.0 = Debug|iPhoneSimulator
		{9C8B744F-5172-4328-A99B-514EAB1109B0}.Debug|x64.ActiveCfg = Debug|iPhone
		{9C8B744F-5172-4328-A99B-514EAB1109B0}.Debug|x86.ActiveCfg = Debug|iPhone
		{9C8B744F-5172-4328-A99B-514EAB1109B0}.Release|Any CPU.ActiveCfg = Release|iPhone
		{9C8B744F-5172-4328-A99B-514EAB1109B0}.Release|ARM.ActiveCfg = Release|iPhone
		{9C8B744F-5172-4328-A99B-514EAB1109B0}.Release|iPhone.ActiveCfg = Release|iPhone
		{9C8B744F-5172-4328-A99B-514EAB1109B0}.Release|iPhone.Build.0 = Release|iPhone
		{9C8B744F-5172-4328-A99B-514EAB1109B0}.Release|iPhoneSimulator.ActiveCfg = Release|iPhoneSimulator
		{9C8B744F-5172-4328-A99B-514EAB1109B0}.Release|iPhoneSimulator.Build.0 = Release|iPhoneSimulator
		{9C8B744F-5172-4328-A99B-514EAB1109B0}.Release|x64.ActiveCfg = Release|iPhone
		{9C8B744F-5172-4328-A99B-514EAB1109B0}.Release|x86.ActiveCfg = Release|iPhone
		{5DDEBE35-74D3-443A-A242-FD22AF9262B6}.Ad-Hoc|Any CPU.ActiveCfg = Release|x86
		{5DDEBE35-74D3-443A-A242-FD22AF9262B6}.Ad-Hoc|Any CPU.Build.0 = Release|x86
		{5DDEBE35-74D3-443A-A242-FD22AF9262B6}.Ad-Hoc|Any CPU.Deploy.0 = Release|x86
		{5DDEBE35-74D3-443A-A242-FD22AF9262B6}.Ad-Hoc|ARM.ActiveCfg = Release|ARM
		{5DDEBE35-74D3-443A-A242-FD22AF9262B6}.Ad-Hoc|ARM.Build.0 = Release|ARM
		{5DDEBE35-74D3-443A-A242-FD22AF9262B6}.Ad-Hoc|ARM.Deploy.0 = Release|ARM
		{5DDEBE35-74D3-443A-A242-FD22AF9262B6}.Ad-Hoc|iPhone.ActiveCfg = Release|x86
		{5DDEBE35-74D3-443A-A242-FD22AF9262B6}.Ad-Hoc|iPhone.Build.0 = Release|x86
		{5DDEBE35-74D3-443A-A242-FD22AF9262B6}.Ad-Hoc|iPhone.Deploy.0 = Release|x86
		{5DDEBE35-74D3-443A-A242-FD22AF9262B6}.Ad-Hoc|iPhoneSimulator.ActiveCfg = Release|x86
		{5DDEBE35-74D3-443A-A242-FD22AF9262B6}.Ad-Hoc|iPhoneSimulator.Build.0 = Release|x86
		{5DDEBE35-74D3-443A-A242-FD22AF9262B6}.Ad-Hoc|iPhoneSimulator.Deploy.0 = Release|x86
		{5DDEBE35-74D3-443A-A242-FD22AF9262B6}.Ad-Hoc|x64.ActiveCfg = Release|x64
		{5DDEBE35-74D3-443A-A242-FD22AF9262B6}.Ad-Hoc|x64.Build.0 = Release|x64
		{5DDEBE35-74D3-443A-A242-FD22AF9262B6}.Ad-Hoc|x64.Deploy.0 = Release|x64
		{5DDEBE35-74D3-443A-A242-FD22AF9262B6}.Ad-Hoc|x86.ActiveCfg = Release|x86
		{5DDEBE35-74D3-443A-A242-FD22AF9262B6}.Ad-Hoc|x86.Build.0 = Release|x86
		{5DDEBE35-74D3-443A-A242-FD22AF9262B6}.Ad-Hoc|x86.Deploy.0 = Release|x86
		{5DDEBE35-74D3-443A-A242-FD22AF9262B6}.AppStore|Any CPU.ActiveCfg = Release|x86
		{5DDEBE35-74D3-443A-A242-FD22AF9262B6}.AppStore|Any CPU.Build.0 = Release|x86
		{5DDEBE35-74D3-443A-A242-FD22AF9262B6}.AppStore|Any CPU.Deploy.0 = Release|x86
		{5DDEBE35-74D3-443A-A242-FD22AF9262B6}.AppStore|ARM.ActiveCfg = Release|ARM
		{5DDEBE35-74D3-443A-A242-FD22AF9262B6}.AppStore|ARM.Build.0 = Release|ARM
		{5DDEBE35-74D3-443A-A242-FD22AF9262B6}.AppStore|ARM.Deploy.0 = Release|ARM
		{5DDEBE35-74D3-443A-A242-FD22AF9262B6}.AppStore|iPhone.ActiveCfg = Release|x86
		{5DDEBE35-74D3-443A-A242-FD22AF9262B6}.AppStore|iPhone.Build.0 = Release|x86
		{5DDEBE35-74D3-443A-A242-FD22AF9262B6}.AppStore|iPhone.Deploy.0 = Release|x86
		{5DDEBE35-74D3-443A-A242-FD22AF9262B6}.AppStore|iPhoneSimulator.ActiveCfg = Release|x86
		{5DDEBE35-74D3-443A-A242-FD22AF9262B6}.AppStore|iPhoneSimulator.Build.0 = Release|x86
		{5DDEBE35-74D3-443A-A242-FD22AF9262B6}.AppStore|iPhoneSimulator.Deploy.0 = Release|x86
		{5DDEBE35-74D3-443A-A242-FD22AF9262B6}.AppStore|x64.ActiveCfg = Release|x64
		{5DDEBE35-74D3-443A-A242-FD22AF9262B6}.AppStore|x64.Build.0 = Release|x64
		{5DDEBE35-74D3-443A-A242-FD22AF9262B6}.AppStore|x64.Deploy.0 = Release|x64
		{5DDEBE35-74D3-443A-A242-FD22AF9262B6}.AppStore|x86.ActiveCfg = Release|x86
		{5DDEBE35-74D3-443A-A242-FD22AF9262B6}.AppStore|x86.Build.0 = Release|x86
		{5DDEBE35-74D3-443A-A242-FD22AF9262B6}.AppStore|x86.Deploy.0 = Release|x86
		{5DDEBE35-74D3-443A-A242-FD22AF9262B6}.Debug|Any CPU.ActiveCfg = Debug|x86
		{5DDEBE35-74D3-443A-A242-FD22AF9262B6}.Debug|ARM.ActiveCfg = Debug|ARM
		{5DDEBE35-74D3-443A-A242-FD22AF9262B6}.Debug|ARM.Build.0 = Debug|ARM
		{5DDEBE35-74D3-443A-A242-FD22AF9262B6}.Debug|ARM.Deploy.0 = Debug|ARM
		{5DDEBE35-74D3-443A-A242-FD22AF9262B6}.Debug|iPhone.ActiveCfg = Debug|x86
		{5DDEBE35-74D3-443A-A242-FD22AF9262B6}.Debug|iPhoneSimulator.ActiveCfg = Debug|x86
		{5DDEBE35-74D3-443A-A242-FD22AF9262B6}.Debug|x64.ActiveCfg = Debug|x64
		{5DDEBE35-74D3-443A-A242-FD22AF9262B6}.Debug|x64.Build.0 = Debug|x64
		{5DDEBE35-74D3-443A-A242-FD22AF9262B6}.Debug|x64.Deploy.0 = Debug|x64
		{5DDEBE35-74D3-443A-A242-FD22AF9262B6}.Debug|x86.ActiveCfg = Debug|x86
		{5DDEBE35-74D3-443A-A242-FD22AF9262B6}.Debug|x86.Build.0 = Debug|x86
		{5DDEBE35-74D3-443A-A242-FD22AF9262B6}.Debug|x86.Deploy.0 = Debug|x86
		{5DDEBE35-74D3-443A-A242-FD22AF9262B6}.Release|Any CPU.ActiveCfg = Release|x86
		{5DDEBE35-74D3-443A-A242-FD22AF9262B6}.Release|ARM.ActiveCfg = Release|ARM
		{5DDEBE35-74D3-443A-A242-FD22AF9262B6}.Release|ARM.Build.0 = Release|ARM
		{5DDEBE35-74D3-443A-A242-FD22AF9262B6}.Release|ARM.Deploy.0 = Release|ARM
		{5DDEBE35-74D3-443A-A242-FD22AF9262B6}.Release|iPhone.ActiveCfg = Release|x86
		{5DDEBE35-74D3-443A-A242-FD22AF9262B6}.Release|iPhoneSimulator.ActiveCfg = Release|x86
		{5DDEBE35-74D3-443A-A242-FD22AF9262B6}.Release|x64.ActiveCfg = Release|x64
		{5DDEBE35-74D3-443A-A242-FD22AF9262B6}.Release|x64.Build.0 = Release|x64
		{5DDEBE35-74D3-443A-A242-FD22AF9262B6}.Release|x64.Deploy.0 = Release|x64
		{5DDEBE35-74D3-443A-A242-FD22AF9262B6}.Release|x86.ActiveCfg = Release|x86
		{5DDEBE35-74D3-443A-A242-FD22AF9262B6}.Release|x86.Build.0 = Release|x86
		{5DDEBE35-74D3-443A-A242-FD22AF9262B6}.Release|x86.Deploy.0 = Release|x86
	EndGlobalSection
	GlobalSection(SolutionProperties) = preSolution
		HideSolutionNode = FALSE
	EndGlobalSection
	GlobalSection(ExtensibilityGlobals) = postSolution
		SolutionGuid = {5FF08E52-3D7A-41B4-932E-FDA1D14D88AB}
	EndGlobalSection
EndGlobal
