
Microsoft Visual Studio Solution File, Format Version 12.00
# Visual Studio Version 16
VisualStudioVersion = 16.0.30320.27
MinimumVisualStudioVersion = 10.0.40219.1
Project("{FAE04EC0-301F-11D3-BF4B-00C04F79EFBC}") = "GstBillGenerator.UWP", "GstBillGenerator.UWP\GstBillGenerator.UWP.csproj", "{E28C61AD-81FE-4449-9460-8CE6B4CACD4D}"
EndProject
Project("{FAE04EC0-301F-11D3-BF4B-00C04F79EFBC}") = "GstBillGenerator.Android", "GstBillGenerator.Android\GstBillGenerator.Android.csproj", "{96BAD512-18B8-4A73-A3A0-854F2A80E7A8}"
EndProject
Project("{FAE04EC0-301F-11D3-BF4B-00C04F79EFBC}") = "GstBillGenerator.iOS", "GstBillGenerator.iOS\GstBillGenerator.iOS.csproj", "{67302E1E-BE33-4F47-8BCE-6EA5F62A42AF}"
EndProject
Project("{FAE04EC0-301F-11D3-BF4B-00C04F79EFBC}") = "GstBillGenerator", "GstBillGenerator\GstBillGenerator.csproj", "{840508A4-B6ED-4809-AB80-3F88B03A408D}"
EndProject
Global
	GlobalSection(SolutionConfigurationPlatforms) = preSolution
		Debug|Any CPU = Debug|Any CPU
		Debug|ARM = Debug|ARM
		Debug|iPhone = Debug|iPhone
		Debug|iPhoneSimulator = Debug|iPhoneSimulator
		Debug|x64 = Debug|x64
		Debug|x86 = Debug|x86
		Release|Any CPU = Release|Any CPU
		Release|ARM = Release|ARM
		Release|iPhone = Release|iPhone
		Release|iPhoneSimulator = Release|iPhoneSimulator
		Release|x64 = Release|x64
		Release|x86 = Release|x86
	EndGlobalSection
	GlobalSection(ProjectConfigurationPlatforms) = postSolution
		{E28C61AD-81FE-4449-9460-8CE6B4CACD4D}.Debug|Any CPU.ActiveCfg = Debug|x86
		{E28C61AD-81FE-4449-9460-8CE6B4CACD4D}.Debug|Any CPU.Build.0 = Debug|x86
		{E28C61AD-81FE-4449-9460-8CE6B4CACD4D}.Debug|Any CPU.Deploy.0 = Debug|x86
		{E28C61AD-81FE-4449-9460-8CE6B4CACD4D}.Debug|ARM.ActiveCfg = Debug|ARM
		{E28C61AD-81FE-4449-9460-8CE6B4CACD4D}.Debug|ARM.Build.0 = Debug|ARM
		{E28C61AD-81FE-4449-9460-8CE6B4CACD4D}.Debug|ARM.Deploy.0 = Debug|ARM
		{E28C61AD-81FE-4449-9460-8CE6B4CACD4D}.Debug|iPhone.ActiveCfg = Debug|x86
		{E28C61AD-81FE-4449-9460-8CE6B4CACD4D}.Debug|iPhone.Build.0 = Debug|x86
		{E28C61AD-81FE-4449-9460-8CE6B4CACD4D}.Debug|iPhone.Deploy.0 = Debug|x86
		{E28C61AD-81FE-4449-9460-8CE6B4CACD4D}.Debug|iPhoneSimulator.ActiveCfg = Debug|x86
		{E28C61AD-81FE-4449-9460-8CE6B4CACD4D}.Debug|iPhoneSimulator.Build.0 = Debug|x86
		{E28C61AD-81FE-4449-9460-8CE6B4CACD4D}.Debug|iPhoneSimulator.Deploy.0 = Debug|x86
		{E28C61AD-81FE-4449-9460-8CE6B4CACD4D}.Debug|x64.ActiveCfg = Debug|x64
		{E28C61AD-81FE-4449-9460-8CE6B4CACD4D}.Debug|x64.Build.0 = Debug|x64
		{E28C61AD-81FE-4449-9460-8CE6B4CACD4D}.Debug|x64.Deploy.0 = Debug|x64
		{E28C61AD-81FE-4449-9460-8CE6B4CACD4D}.Debug|x86.ActiveCfg = Debug|x86
		{E28C61AD-81FE-4449-9460-8CE6B4CACD4D}.Debug|x86.Build.0 = Debug|x86
		{E28C61AD-81FE-4449-9460-8CE6B4CACD4D}.Debug|x86.Deploy.0 = Debug|x86
		{E28C61AD-81FE-4449-9460-8CE6B4CACD4D}.Release|Any CPU.ActiveCfg = Release|x86
		{E28C61AD-81FE-4449-9460-8CE6B4CACD4D}.Release|Any CPU.Build.0 = Release|x86
		{E28C61AD-81FE-4449-9460-8CE6B4CACD4D}.Release|Any CPU.Deploy.0 = Release|x86
		{E28C61AD-81FE-4449-9460-8CE6B4CACD4D}.Release|ARM.ActiveCfg = Release|ARM
		{E28C61AD-81FE-4449-9460-8CE6B4CACD4D}.Release|ARM.Build.0 = Release|ARM
		{E28C61AD-81FE-4449-9460-8CE6B4CACD4D}.Release|ARM.Deploy.0 = Release|ARM
		{E28C61AD-81FE-4449-9460-8CE6B4CACD4D}.Release|iPhone.ActiveCfg = Release|x86
		{E28C61AD-81FE-4449-9460-8CE6B4CACD4D}.Release|iPhone.Build.0 = Release|x86
		{E28C61AD-81FE-4449-9460-8CE6B4CACD4D}.Release|iPhone.Deploy.0 = Release|x86
		{E28C61AD-81FE-4449-9460-8CE6B4CACD4D}.Release|iPhoneSimulator.ActiveCfg = Release|x86
		{E28C61AD-81FE-4449-9460-8CE6B4CACD4D}.Release|iPhoneSimulator.Build.0 = Release|x86
		{E28C61AD-81FE-4449-9460-8CE6B4CACD4D}.Release|iPhoneSimulator.Deploy.0 = Release|x86
		{E28C61AD-81FE-4449-9460-8CE6B4CACD4D}.Release|x64.ActiveCfg = Release|x64
		{E28C61AD-81FE-4449-9460-8CE6B4CACD4D}.Release|x64.Build.0 = Release|x64
		{E28C61AD-81FE-4449-9460-8CE6B4CACD4D}.Release|x64.Deploy.0 = Release|x64
		{E28C61AD-81FE-4449-9460-8CE6B4CACD4D}.Release|x86.ActiveCfg = Release|x86
		{E28C61AD-81FE-4449-9460-8CE6B4CACD4D}.Release|x86.Build.0 = Release|x86
		{E28C61AD-81FE-4449-9460-8CE6B4CACD4D}.Release|x86.Deploy.0 = Release|x86
		{96BAD512-18B8-4A73-A3A0-854F2A80E7A8}.Debug|Any CPU.ActiveCfg = Debug|Any CPU
		{96BAD512-18B8-4A73-A3A0-854F2A80E7A8}.Debug|Any CPU.Build.0 = Debug|Any CPU
		{96BAD512-18B8-4A73-A3A0-854F2A80E7A8}.Debug|Any CPU.Deploy.0 = Debug|Any CPU
		{96BAD512-18B8-4A73-A3A0-854F2A80E7A8}.Debug|ARM.ActiveCfg = Debug|Any CPU
		{96BAD512-18B8-4A73-A3A0-854F2A80E7A8}.Debug|ARM.Build.0 = Debug|Any CPU
		{96BAD512-18B8-4A73-A3A0-854F2A80E7A8}.Debug|ARM.Deploy.0 = Debug|Any CPU
		{96BAD512-18B8-4A73-A3A0-854F2A80E7A8}.Debug|iPhone.ActiveCfg = Debug|Any CPU
		{96BAD512-18B8-4A73-A3A0-854F2A80E7A8}.Debug|iPhone.Build.0 = Debug|Any CPU
		{96BAD512-18B8-4A73-A3A0-854F2A80E7A8}.Debug|iPhone.Deploy.0 = Debug|Any CPU
		{96BAD512-18B8-4A73-A3A0-854F2A80E7A8}.Debug|iPhoneSimulator.ActiveCfg = Debug|Any CPU
		{96BAD512-18B8-4A73-A3A0-854F2A80E7A8}.Debug|iPhoneSimulator.Build.0 = Debug|Any CPU
		{96BAD512-18B8-4A73-A3A0-854F2A80E7A8}.Debug|iPhoneSimulator.Deploy.0 = Debug|Any CPU
		{96BAD512-18B8-4A73-A3A0-854F2A80E7A8}.Debug|x64.ActiveCfg = Debug|Any CPU
		{96BAD512-18B8-4A73-A3A0-854F2A80E7A8}.Debug|x64.Build.0 = Debug|Any CPU
		{96BAD512-18B8-4A73-A3A0-854F2A80E7A8}.Debug|x64.Deploy.0 = Debug|Any CPU
		{96BAD512-18B8-4A73-A3A0-854F2A80E7A8}.Debug|x86.ActiveCfg = Debug|Any CPU
		{96BAD512-18B8-4A73-A3A0-854F2A80E7A8}.Debug|x86.Build.0 = Debug|Any CPU
		{96BAD512-18B8-4A73-A3A0-854F2A80E7A8}.Debug|x86.Deploy.0 = Debug|Any CPU
		{96BAD512-18B8-4A73-A3A0-854F2A80E7A8}.Release|Any CPU.ActiveCfg = Release|Any CPU
		{96BAD512-18B8-4A73-A3A0-854F2A80E7A8}.Release|Any CPU.Build.0 = Release|Any CPU
		{96BAD512-18B8-4A73-A3A0-854F2A80E7A8}.Release|Any CPU.Deploy.0 = Release|Any CPU
		{96BAD512-18B8-4A73-A3A0-854F2A80E7A8}.Release|ARM.ActiveCfg = Release|Any CPU
		{96BAD512-18B8-4A73-A3A0-854F2A80E7A8}.Release|ARM.Build.0 = Release|Any CPU
		{96BAD512-18B8-4A73-A3A0-854F2A80E7A8}.Release|ARM.Deploy.0 = Release|Any CPU
		{96BAD512-18B8-4A73-A3A0-854F2A80E7A8}.Release|iPhone.ActiveCfg = Release|Any CPU
		{96BAD512-18B8-4A73-A3A0-854F2A80E7A8}.Release|iPhone.Build.0 = Release|Any CPU
		{96BAD512-18B8-4A73-A3A0-854F2A80E7A8}.Release|iPhone.Deploy.0 = Release|Any CPU
		{96BAD512-18B8-4A73-A3A0-854F2A80E7A8}.Release|iPhoneSimulator.ActiveCfg = Release|Any CPU
		{96BAD512-18B8-4A73-A3A0-854F2A80E7A8}.Release|iPhoneSimulator.Build.0 = Release|Any CPU
		{96BAD512-18B8-4A73-A3A0-854F2A80E7A8}.Release|iPhoneSimulator.Deploy.0 = Release|Any CPU
		{96BAD512-18B8-4A73-A3A0-854F2A80E7A8}.Release|x64.ActiveCfg = Release|Any CPU
		{96BAD512-18B8-4A73-A3A0-854F2A80E7A8}.Release|x64.Build.0 = Release|Any CPU
		{96BAD512-18B8-4A73-A3A0-854F2A80E7A8}.Release|x64.Deploy.0 = Release|Any CPU
		{96BAD512-18B8-4A73-A3A0-854F2A80E7A8}.Release|x86.ActiveCfg = Release|Any CPU
		{96BAD512-18B8-4A73-A3A0-854F2A80E7A8}.Release|x86.Build.0 = Release|Any CPU
		{96BAD512-18B8-4A73-A3A0-854F2A80E7A8}.Release|x86.Deploy.0 = Release|Any CPU
		{67302E1E-BE33-4F47-8BCE-6EA5F62A42AF}.Debug|Any CPU.ActiveCfg = Debug|iPhone
		{67302E1E-BE33-4F47-8BCE-6EA5F62A42AF}.Debug|Any CPU.Build.0 = Debug|iPhone
		{67302E1E-BE33-4F47-8BCE-6EA5F62A42AF}.Debug|Any CPU.Deploy.0 = Debug|iPhone
		{67302E1E-BE33-4F47-8BCE-6EA5F62A42AF}.Debug|ARM.ActiveCfg = Debug|iPhone
		{67302E1E-BE33-4F47-8BCE-6EA5F62A42AF}.Debug|ARM.Build.0 = Debug|iPhone
		{67302E1E-BE33-4F47-8BCE-6EA5F62A42AF}.Debug|ARM.Deploy.0 = Debug|iPhone
		{67302E1E-BE33-4F47-8BCE-6EA5F62A42AF}.Debug|iPhone.ActiveCfg = Debug|iPhone
		{67302E1E-BE33-4F47-8BCE-6EA5F62A42AF}.Debug|iPhone.Build.0 = Debug|iPhone
		{67302E1E-BE33-4F47-8BCE-6EA5F62A42AF}.Debug|iPhone.Deploy.0 = Debug|iPhone
		{67302E1E-BE33-4F47-8BCE-6EA5F62A42AF}.Debug|iPhoneSimulator.ActiveCfg = Debug|iPhoneSimulator
		{67302E1E-BE33-4F47-8BCE-6EA5F62A42AF}.Debug|iPhoneSimulator.Build.0 = Debug|iPhoneSimulator
		{67302E1E-BE33-4F47-8BCE-6EA5F62A42AF}.Debug|iPhoneSimulator.Deploy.0 = Debug|iPhoneSimulator
		{67302E1E-BE33-4F47-8BCE-6EA5F62A42AF}.Debug|x64.ActiveCfg = Debug|iPhone
		{67302E1E-BE33-4F47-8BCE-6EA5F62A42AF}.Debug|x64.Build.0 = Debug|iPhone
		{67302E1E-BE33-4F47-8BCE-6EA5F62A42AF}.Debug|x64.Deploy.0 = Debug|iPhone
		{67302E1E-BE33-4F47-8BCE-6EA5F62A42AF}.Debug|x86.ActiveCfg = Debug|iPhone
		{67302E1E-BE33-4F47-8BCE-6EA5F62A42AF}.Debug|x86.Build.0 = Debug|iPhone
		{67302E1E-BE33-4F47-8BCE-6EA5F62A42AF}.Debug|x86.Deploy.0 = Debug|iPhone
		{67302E1E-BE33-4F47-8BCE-6EA5F62A42AF}.Release|Any CPU.ActiveCfg = Release|iPhone
		{67302E1E-BE33-4F47-8BCE-6EA5F62A42AF}.Release|Any CPU.Build.0 = Release|iPhone
		{67302E1E-BE33-4F47-8BCE-6EA5F62A42AF}.Release|Any CPU.Deploy.0 = Release|iPhone
		{67302E1E-BE33-4F47-8BCE-6EA5F62A42AF}.Release|ARM.ActiveCfg = Release|iPhone
		{67302E1E-BE33-4F47-8BCE-6EA5F62A42AF}.Release|ARM.Build.0 = Release|iPhone
		{67302E1E-BE33-4F47-8BCE-6EA5F62A42AF}.Release|ARM.Deploy.0 = Release|iPhone
		{67302E1E-BE33-4F47-8BCE-6EA5F62A42AF}.Release|iPhone.ActiveCfg = Release|iPhone
		{67302E1E-BE33-4F47-8BCE-6EA5F62A42AF}.Release|iPhone.Build.0 = Release|iPhone
		{67302E1E-BE33-4F47-8BCE-6EA5F62A42AF}.Release|iPhone.Deploy.0 = Release|iPhone
		{67302E1E-BE33-4F47-8BCE-6EA5F62A42AF}.Release|iPhoneSimulator.ActiveCfg = Release|iPhoneSimulator
		{67302E1E-BE33-4F47-8BCE-6EA5F62A42AF}.Release|iPhoneSimulator.Build.0 = Release|iPhoneSimulator
		{67302E1E-BE33-4F47-8BCE-6EA5F62A42AF}.Release|iPhoneSimulator.Deploy.0 = Release|iPhoneSimulator
		{67302E1E-BE33-4F47-8BCE-6EA5F62A42AF}.Release|x64.ActiveCfg = Release|iPhone
		{67302E1E-BE33-4F47-8BCE-6EA5F62A42AF}.Release|x64.Build.0 = Release|iPhone
		{67302E1E-BE33-4F47-8BCE-6EA5F62A42AF}.Release|x64.Deploy.0 = Release|iPhone
		{67302E1E-BE33-4F47-8BCE-6EA5F62A42AF}.Release|x86.ActiveCfg = Release|iPhone
		{67302E1E-BE33-4F47-8BCE-6EA5F62A42AF}.Release|x86.Build.0 = Release|iPhone
		{67302E1E-BE33-4F47-8BCE-6EA5F62A42AF}.Release|x86.Deploy.0 = Release|iPhone
		{840508A4-B6ED-4809-AB80-3F88B03A408D}.Debug|Any CPU.ActiveCfg = Debug|Any CPU
		{840508A4-B6ED-4809-AB80-3F88B03A408D}.Debug|Any CPU.Build.0 = Debug|Any CPU
		{840508A4-B6ED-4809-AB80-3F88B03A408D}.Debug|Any CPU.Deploy.0 = Debug|Any CPU
		{840508A4-B6ED-4809-AB80-3F88B03A408D}.Debug|ARM.ActiveCfg = Debug|Any CPU
		{840508A4-B6ED-4809-AB80-3F88B03A408D}.Debug|ARM.Build.0 = Debug|Any CPU
		{840508A4-B6ED-4809-AB80-3F88B03A408D}.Debug|ARM.Deploy.0 = Debug|Any CPU
		{840508A4-B6ED-4809-AB80-3F88B03A408D}.Debug|iPhone.ActiveCfg = Debug|Any CPU
		{840508A4-B6ED-4809-AB80-3F88B03A408D}.Debug|iPhone.Build.0 = Debug|Any CPU
		{840508A4-B6ED-4809-AB80-3F88B03A408D}.Debug|iPhone.Deploy.0 = Debug|Any CPU
		{840508A4-B6ED-4809-AB80-3F88B03A408D}.Debug|iPhoneSimulator.ActiveCfg = Debug|Any CPU
		{840508A4-B6ED-4809-AB80-3F88B03A408D}.Debug|iPhoneSimulator.Build.0 = Debug|Any CPU
		{840508A4-B6ED-4809-AB80-3F88B03A408D}.Debug|iPhoneSimulator.Deploy.0 = Debug|Any CPU
		{840508A4-B6ED-4809-AB80-3F88B03A408D}.Debug|x64.ActiveCfg = Debug|Any CPU
		{840508A4-B6ED-4809-AB80-3F88B03A408D}.Debug|x64.Build.0 = Debug|Any CPU
		{840508A4-B6ED-4809-AB80-3F88B03A408D}.Debug|x64.Deploy.0 = Debug|Any CPU
		{840508A4-B6ED-4809-AB80-3F88B03A408D}.Debug|x86.ActiveCfg = Debug|Any CPU
		{840508A4-B6ED-4809-AB80-3F88B03A408D}.Debug|x86.Build.0 = Debug|Any CPU
		{840508A4-B6ED-4809-AB80-3F88B03A408D}.Debug|x86.Deploy.0 = Debug|Any CPU
		{840508A4-B6ED-4809-AB80-3F88B03A408D}.Release|Any CPU.ActiveCfg = Release|Any CPU
		{840508A4-B6ED-4809-AB80-3F88B03A408D}.Release|Any CPU.Build.0 = Release|Any CPU
		{840508A4-B6ED-4809-AB80-3F88B03A408D}.Release|Any CPU.Deploy.0 = Release|Any CPU
		{840508A4-B6ED-4809-AB80-3F88B03A408D}.Release|ARM.ActiveCfg = Release|Any CPU
		{840508A4-B6ED-4809-AB80-3F88B03A408D}.Release|ARM.Build.0 = Release|Any CPU
		{840508A4-B6ED-4809-AB80-3F88B03A408D}.Release|ARM.Deploy.0 = Release|Any CPU
		{840508A4-B6ED-4809-AB80-3F88B03A408D}.Release|iPhone.ActiveCfg = Release|Any CPU
		{840508A4-B6ED-4809-AB80-3F88B03A408D}.Release|iPhone.Build.0 = Release|Any CPU
		{840508A4-B6ED-4809-AB80-3F88B03A408D}.Release|iPhone.Deploy.0 = Release|Any CPU
		{840508A4-B6ED-4809-AB80-3F88B03A408D}.Release|iPhoneSimulator.ActiveCfg = Release|Any CPU
		{840508A4-B6ED-4809-AB80-3F88B03A408D}.Release|iPhoneSimulator.Build.0 = Release|Any CPU
		{840508A4-B6ED-4809-AB80-3F88B03A408D}.Release|iPhoneSimulator.Deploy.0 = Release|Any CPU
		{840508A4-B6ED-4809-AB80-3F88B03A408D}.Release|x64.ActiveCfg = Release|Any CPU
		{840508A4-B6ED-4809-AB80-3F88B03A408D}.Release|x64.Build.0 = Release|Any CPU
		{840508A4-B6ED-4809-AB80-3F88B03A408D}.Release|x64.Deploy.0 = Release|Any CPU
		{840508A4-B6ED-4809-AB80-3F88B03A408D}.Release|x86.ActiveCfg = Release|Any CPU
		{840508A4-B6ED-4809-AB80-3F88B03A408D}.Release|x86.Build.0 = Release|Any CPU
		{840508A4-B6ED-4809-AB80-3F88B03A408D}.Release|x86.Deploy.0 = Release|Any CPU
	EndGlobalSection
	GlobalSection(SolutionProperties) = preSolution
		HideSolutionNode = FALSE
	EndGlobalSection
	GlobalSection(ExtensibilityGlobals) = postSolution
		SolutionGuid = {97404172-C8A1-455F-A885-65678A6802A6}
	EndGlobalSection
EndGlobal
